
Microsoft Visual Studio Solution File, Format Version 12.00
# Visual Studio Version 16
VisualStudioVersion = 16.0.31515.178
MinimumVisualStudioVersion = 10.0.40219.1
Project("{FAE04EC0-301F-11D3-BF4B-00C04F79EFBC}") = "RestAssured_Testes", "RestAssured_Testes\RestAssured_Testes.csproj", "{2EE14BF2-3004-42CB-B4F3-44539E91424E}"
EndProject
Global
	GlobalSection(SolutionConfigurationPlatforms) = preSolution
		Debug|Any CPU = Debug|Any CPU
		Release|Any CPU = Release|Any CPU
	EndGlobalSection
	GlobalSection(ProjectConfigurationPlatforms) = postSolution
		{2EE14BF2-3004-42CB-B4F3-44539E91424E}.Debug|Any CPU.ActiveCfg = Debug|Any CPU
		{2EE14BF2-3004-42CB-B4F3-44539E91424E}.Debug|Any CPU.Build.0 = Debug|Any CPU
		{2EE14BF2-3004-42CB-B4F3-44539E91424E}.Release|Any CPU.ActiveCfg = Release|Any CPU
		{2EE14BF2-3004-42CB-B4F3-44539E91424E}.Release|Any CPU.Build.0 = Release|Any CPU
	EndGlobalSection
	GlobalSection(SolutionProperties) = preSolution
		HideSolutionNode = FALSE
	EndGlobalSection
	GlobalSection(ExtensibilityGlobals) = postSolution
		SolutionGuid = {20D35C32-4066-4DDE-B5F4-9D101ACFC289}
	EndGlobalSection
EndGlobal
